# This file is automatically @generated by Cargo.
# It is not intended for manual editing.
version = 4

[[package]]
name = "identity-check-model"
version = "0.0.0"
dependencies = [
 "neuron-model",
]

[[package]]
name = "neuron-id"
version = "0.1.0"

[[package]]
name = "neuron-model"
version = "0.1.0"
dependencies = [
 "neuron-id",
]
