# This file is automatically @generated by Cargo.
# It is not intended for manual editing.
version = 4

[[package]]
name = "identity-check-inf-source"
version = "0.0.0"
dependencies = [
 "inf-source",
]

[[package]]
name = "inf-source"
version = "0.1.0"
dependencies = [
 "inf-value",
]

[[package]]
name = "inf-value"
version = "0.1.0"
dependencies = [
 "neuron-id",
]

[[package]]
name = "neuron-id"
version = "0.1.0"
